// !$*UTF8*$!
{
	archiveVersion = 1;
	classes = {
	};
	objectVersion = 50;
	objects = {

/* Begin PBXBuildFile section */
		CA2EFEB521F6662300DF2ACF /* UIPaddingLabel.swift in Sources */ = {isa = PBXBuildFile; fileRef = CA2EFEB421F6662300DF2ACF /* UIPaddingLabel.swift */; };
		CA2EFEBB21F889D800DF2ACF /* MyTableViewCell.swift in Sources */ = {isa = PBXBuildFile; fileRef = CA2EFEBA21F889D800DF2ACF /* MyTableViewCell.swift */; };
		CA2EFEBD21F8B5B700DF2ACF /* PlayersChatView.swift in Sources */ = {isa = PBXBuildFile; fileRef = CA2EFEBC21F8B5B700DF2ACF /* PlayersChatView.swift */; };
		CA3528EF2180BD1D005C489B /* ChooseRole4dVC.swift in Sources */ = {isa = PBXBuildFile; fileRef = CA3528EE2180BD1D005C489B /* ChooseRole4dVC.swift */; };
		CA3528F2218226A5005C489B /* K.swift in Sources */ = {isa = PBXBuildFile; fileRef = CA3528F1218226A5005C489B /* K.swift */; };
		CA3528F72182319B005C489B /* Google-spies.ttf in Resources */ = {isa = PBXBuildFile; fileRef = CA3528F62182319B005C489B /* Google-spies.ttf */; };
		CA35290121874162005C489B /* Top Secret Stamp.ttf in Resources */ = {isa = PBXBuildFile; fileRef = CA35290021874162005C489B /* Top Secret Stamp.ttf */; };
		CA398030220CA6B80050FB54 /* UIString+extension.swift in Sources */ = {isa = PBXBuildFile; fileRef = CA39802F220CA6B80050FB54 /* UIString+extension.swift */; };
		CA39803A221450660050FB54 /* cards.wav in Resources */ = {isa = PBXBuildFile; fileRef = CA398039221450660050FB54 /* cards.wav */; };
		CA6425C72219E1CF00CAEA0F /* CGPoint+extension.swift in Sources */ = {isa = PBXBuildFile; fileRef = CA6425C62219E1CF00CAEA0F /* CGPoint+extension.swift */; };
		CA6425C9221A0BA100CAEA0F /* MainVC+rightView.swift in Sources */ = {isa = PBXBuildFile; fileRef = CA6425C8221A0BA100CAEA0F /* MainVC+rightView.swift */; };
		CA6425CB221A0DAA00CAEA0F /* MainVC+leftView.swift in Sources */ = {isa = PBXBuildFile; fileRef = CA6425CA221A0DAA00CAEA0F /* MainVC+leftView.swift */; };
		CA6425CD221A1B0E00CAEA0F /* GameTypes.swift in Sources */ = {isa = PBXBuildFile; fileRef = CA6425CC221A1B0E00CAEA0F /* GameTypes.swift */; };
		CA6425CF221B498200CAEA0F /* MainVCDelegate.swift in Sources */ = {isa = PBXBuildFile; fileRef = CA6425CE221B498200CAEA0F /* MainVCDelegate.swift */; };
		CA6425D1221D40DE00CAEA0F /* DeviceRoles.swift in Sources */ = {isa = PBXBuildFile; fileRef = CA6425D0221D40DE00CAEA0F /* DeviceRoles.swift */; };
		CA814BB8217F62810009D072 /* AppDelegate.swift in Sources */ = {isa = PBXBuildFile; fileRef = CA814BB7217F62810009D072 /* AppDelegate.swift */; };
		CA814BBA217F62810009D072 /* StartVC.swift in Sources */ = {isa = PBXBuildFile; fileRef = CA814BB9217F62810009D072 /* StartVC.swift */; };
		CA814BBD217F62810009D072 /* Main.storyboard in Resources */ = {isa = PBXBuildFile; fileRef = CA814BBB217F62810009D072 /* Main.storyboard */; };
		CA814BBF217F62820009D072 /* Assets.xcassets in Resources */ = {isa = PBXBuildFile; fileRef = CA814BBE217F62820009D072 /* Assets.xcassets */; };
		CA814BC2217F62820009D072 /* LaunchScreen.storyboard in Resources */ = {isa = PBXBuildFile; fileRef = CA814BC0217F62820009D072 /* LaunchScreen.storyboard */; };
		CA814BCB217F6DA60009D072 /* ChooseModeVC.swift in Sources */ = {isa = PBXBuildFile; fileRef = CA814BCA217F6DA60009D072 /* ChooseModeVC.swift */; };
		CA814BD0217F71DD0009D072 /* UIRoundedButton.swift in Sources */ = {isa = PBXBuildFile; fileRef = CA814BCF217F71DD0009D072 /* UIRoundedButton.swift */; };
		CA885550228DE7AD00A8574A /* ReturnHintDelegate.swift in Sources */ = {isa = PBXBuildFile; fileRef = CA88554F228DE7AD00A8574A /* ReturnHintDelegate.swift */; };
		CA8855562296D65200A8574A /* Tutorial.swift in Sources */ = {isa = PBXBuildFile; fileRef = CA8855552296D65200A8574A /* Tutorial.swift */; };
		CA88555A229AF56C00A8574A /* UITextField+extension.swift in Sources */ = {isa = PBXBuildFile; fileRef = CA885559229AF56C00A8574A /* UITextField+extension.swift */; };
		CA88963021CC1CEC00DB26EB /* UIScrollView+extension.swift in Sources */ = {isa = PBXBuildFile; fileRef = CA88962F21CC1CEC00DB26EB /* UIScrollView+extension.swift */; };
		CA8C4F19220B09520045FCC2 /* UICard.swift in Sources */ = {isa = PBXBuildFile; fileRef = CA8C4F18220B09520045FCC2 /* UICard.swift */; };
		CAB635A122A59AD800CA81BE /* stairs.mp3 in Resources */ = {isa = PBXBuildFile; fileRef = CAB635A022A59AD800CA81BE /* stairs.mp3 */; };
		CAB635A522A70BF900CA81BE /* T.swift in Sources */ = {isa = PBXBuildFile; fileRef = CAB635A422A70BF900CA81BE /* T.swift */; };
		CAB635A722A70F3600CA81BE /* MainVCTutorialDelegate.swift in Sources */ = {isa = PBXBuildFile; fileRef = CAB635A622A70F3600CA81BE /* MainVCTutorialDelegate.swift */; };
		CAB9E819217F9C4E002148CD /* UIView+extension.swift in Sources */ = {isa = PBXBuildFile; fileRef = CAB9E818217F9C4E002148CD /* UIView+extension.swift */; };
		CAC1513E2188F2B400FA96CA /* GameCreatedVC.swift in Sources */ = {isa = PBXBuildFile; fileRef = CAC1513D2188F2B400FA96CA /* GameCreatedVC.swift */; };
		CAC5BA4921F48FB4001763C5 /* PlayerStatusIcon.swift in Sources */ = {isa = PBXBuildFile; fileRef = CAC5BA4821F48FB4001763C5 /* PlayerStatusIcon.swift */; };
		CAC5BA4D21F4D3E7001763C5 /* Game.swift in Sources */ = {isa = PBXBuildFile; fileRef = CAC5BA4C21F4D3E7001763C5 /* Game.swift */; };
		CAC5BA4F21F4EBFC001763C5 /* WordsTVC.swift in Sources */ = {isa = PBXBuildFile; fileRef = CAC5BA4E21F4EBFC001763C5 /* WordsTVC.swift */; };
		CAC9505221B66F2F002262BA /* Message.swift in Sources */ = {isa = PBXBuildFile; fileRef = CAC9505121B66F2F002262BA /* Message.swift */; };
		CAC9505421B6EB9D002262BA /* UIChatView.swift in Sources */ = {isa = PBXBuildFile; fileRef = CAC9505321B6EB9D002262BA /* UIChatView.swift */; };
		CACA1F3C21A379B600DED049 /* Device.swift in Sources */ = {isa = PBXBuildFile; fileRef = CACA1F3B21A379B600DED049 /* Device.swift */; };
		CACA1F3E21ADDA1200DED049 /* MainVC.swift in Sources */ = {isa = PBXBuildFile; fileRef = CACA1F3D21ADDA1200DED049 /* MainVC.swift */; };
		CAD84F0921875A7F00E6C6E0 /* UINavigationController+extension.swift in Sources */ = {isa = PBXBuildFile; fileRef = CAD84F0821875A7F00E6C6E0 /* UINavigationController+extension.swift */; };
		CAD84F0E21875FD200E6C6E0 /* true.wav in Resources */ = {isa = PBXBuildFile; fileRef = CAD84F0B21875FD100E6C6E0 /* true.wav */; };
		CAD84F0F21875FD200E6C6E0 /* click.wav in Resources */ = {isa = PBXBuildFile; fileRef = CAD84F0C21875FD200E6C6E0 /* click.wav */; };
		CAD84F1021875FD200E6C6E0 /* false.wav in Resources */ = {isa = PBXBuildFile; fileRef = CAD84F0D21875FD200E6C6E0 /* false.wav */; };
		CAD84F142187602B00E6C6E0 /* AVAudioPlayer+extension.swift in Sources */ = {isa = PBXBuildFile; fileRef = CAD84F132187602B00E6C6E0 /* AVAudioPlayer+extension.swift */; };
		CAD84F1821879AE400E6C6E0 /* ChooseRole3dVC.swift in Sources */ = {isa = PBXBuildFile; fileRef = CAD84F1721879AE400E6C6E0 /* ChooseRole3dVC.swift */; };
		CAE1A12B2207152D00B4E687 /* EnterHintVC.swift in Sources */ = {isa = PBXBuildFile; fileRef = CAE1A12A2207152D00B4E687 /* EnterHintVC.swift */; };
		CAE1A12F220751DE00B4E687 /* UIViewController+extension.swift in Sources */ = {isa = PBXBuildFile; fileRef = CAE1A12E220751DE00B4E687 /* UIViewController+extension.swift */; };
		CAE1A1312207696100B4E687 /* Helper.swift in Sources */ = {isa = PBXBuildFile; fileRef = CAE1A1302207696100B4E687 /* Helper.swift */; };
		CAE1A1352208D57B00B4E687 /* Dictionary.swift in Sources */ = {isa = PBXBuildFile; fileRef = CAE1A1342208D57B00B4E687 /* Dictionary.swift */; };
/* End PBXBuildFile section */

/* Begin PBXFileReference section */
		CA2EFEB421F6662300DF2ACF /* UIPaddingLabel.swift */ = {isa = PBXFileReference; lastKnownFileType = sourcecode.swift; path = UIPaddingLabel.swift; sourceTree = "<group>"; };
		CA2EFEBA21F889D800DF2ACF /* MyTableViewCell.swift */ = {isa = PBXFileReference; lastKnownFileType = sourcecode.swift; path = MyTableViewCell.swift; sourceTree = "<group>"; };
		CA2EFEBC21F8B5B700DF2ACF /* PlayersChatView.swift */ = {isa = PBXFileReference; lastKnownFileType = sourcecode.swift; path = PlayersChatView.swift; sourceTree = "<group>"; };
		CA3528EE2180BD1D005C489B /* ChooseRole4dVC.swift */ = {isa = PBXFileReference; lastKnownFileType = sourcecode.swift; path = ChooseRole4dVC.swift; sourceTree = "<group>"; };
		CA3528F1218226A5005C489B /* K.swift */ = {isa = PBXFileReference; fileEncoding = 4; lastKnownFileType = sourcecode.swift; path = K.swift; sourceTree = "<group>"; };
		CA3528F62182319B005C489B /* Google-spies.ttf */ = {isa = PBXFileReference; lastKnownFileType = file; path = "Google-spies.ttf"; sourceTree = "<group>"; };
		CA35290021874162005C489B /* Top Secret Stamp.ttf */ = {isa = PBXFileReference; lastKnownFileType = file; path = "Top Secret Stamp.ttf"; sourceTree = "<group>"; };
		CA39802F220CA6B80050FB54 /* UIString+extension.swift */ = {isa = PBXFileReference; lastKnownFileType = sourcecode.swift; path = "UIString+extension.swift"; sourceTree = "<group>"; };
		CA398039221450660050FB54 /* cards.wav */ = {isa = PBXFileReference; lastKnownFileType = audio.wav; path = cards.wav; sourceTree = "<group>"; };
		CA6425C62219E1CF00CAEA0F /* CGPoint+extension.swift */ = {isa = PBXFileReference; lastKnownFileType = sourcecode.swift; path = "CGPoint+extension.swift"; sourceTree = "<group>"; };
		CA6425C8221A0BA100CAEA0F /* MainVC+rightView.swift */ = {isa = PBXFileReference; lastKnownFileType = sourcecode.swift; path = "MainVC+rightView.swift"; sourceTree = "<group>"; };
		CA6425CA221A0DAA00CAEA0F /* MainVC+leftView.swift */ = {isa = PBXFileReference; lastKnownFileType = sourcecode.swift; path = "MainVC+leftView.swift"; sourceTree = "<group>"; };
		CA6425CC221A1B0E00CAEA0F /* GameTypes.swift */ = {isa = PBXFileReference; lastKnownFileType = sourcecode.swift; path = GameTypes.swift; sourceTree = "<group>"; };
		CA6425CE221B498200CAEA0F /* MainVCDelegate.swift */ = {isa = PBXFileReference; lastKnownFileType = sourcecode.swift; path = MainVCDelegate.swift; sourceTree = "<group>"; };
		CA6425D0221D40DE00CAEA0F /* DeviceRoles.swift */ = {isa = PBXFileReference; lastKnownFileType = sourcecode.swift; path = DeviceRoles.swift; sourceTree = "<group>"; };
		CA814BB4217F62810009D072 /* Spynames.app */ = {isa = PBXFileReference; explicitFileType = wrapper.application; includeInIndex = 0; path = Spynames.app; sourceTree = BUILT_PRODUCTS_DIR; };
		CA814BB7217F62810009D072 /* AppDelegate.swift */ = {isa = PBXFileReference; lastKnownFileType = sourcecode.swift; path = AppDelegate.swift; sourceTree = "<group>"; };
		CA814BB9217F62810009D072 /* StartVC.swift */ = {isa = PBXFileReference; lastKnownFileType = sourcecode.swift; path = StartVC.swift; sourceTree = "<group>"; };
		CA814BBC217F62810009D072 /* Base */ = {isa = PBXFileReference; lastKnownFileType = file.storyboard; name = Base; path = Base.lproj/Main.storyboard; sourceTree = "<group>"; };
		CA814BBE217F62820009D072 /* Assets.xcassets */ = {isa = PBXFileReference; lastKnownFileType = folder.assetcatalog; path = Assets.xcassets; sourceTree = "<group>"; };
		CA814BC1217F62820009D072 /* Base */ = {isa = PBXFileReference; lastKnownFileType = file.storyboard; name = Base; path = Base.lproj/LaunchScreen.storyboard; sourceTree = "<group>"; };
		CA814BC3217F62820009D072 /* Info.plist */ = {isa = PBXFileReference; lastKnownFileType = text.plist.xml; path = Info.plist; sourceTree = "<group>"; };
		CA814BCA217F6DA60009D072 /* ChooseModeVC.swift */ = {isa = PBXFileReference; lastKnownFileType = sourcecode.swift; path = ChooseModeVC.swift; sourceTree = "<group>"; };
		CA814BCF217F71DD0009D072 /* UIRoundedButton.swift */ = {isa = PBXFileReference; fileEncoding = 4; lastKnownFileType = sourcecode.swift; path = UIRoundedButton.swift; sourceTree = "<group>"; };
		CA88554F228DE7AD00A8574A /* ReturnHintDelegate.swift */ = {isa = PBXFileReference; lastKnownFileType = sourcecode.swift; path = ReturnHintDelegate.swift; sourceTree = "<group>"; };
		CA8855552296D65200A8574A /* Tutorial.swift */ = {isa = PBXFileReference; lastKnownFileType = sourcecode.swift; path = Tutorial.swift; sourceTree = "<group>"; };
		CA885559229AF56C00A8574A /* UITextField+extension.swift */ = {isa = PBXFileReference; lastKnownFileType = sourcecode.swift; path = "UITextField+extension.swift"; sourceTree = "<group>"; };
		CA88962F21CC1CEC00DB26EB /* UIScrollView+extension.swift */ = {isa = PBXFileReference; lastKnownFileType = sourcecode.swift; path = "UIScrollView+extension.swift"; sourceTree = "<group>"; };
		CA8C4F18220B09520045FCC2 /* UICard.swift */ = {isa = PBXFileReference; lastKnownFileType = sourcecode.swift; path = UICard.swift; sourceTree = "<group>"; };
		CAB635A022A59AD800CA81BE /* stairs.mp3 */ = {isa = PBXFileReference; lastKnownFileType = audio.mp3; path = stairs.mp3; sourceTree = "<group>"; };
		CAB635A422A70BF900CA81BE /* T.swift */ = {isa = PBXFileReference; lastKnownFileType = sourcecode.swift; path = T.swift; sourceTree = "<group>"; };
		CAB635A622A70F3600CA81BE /* MainVCTutorialDelegate.swift */ = {isa = PBXFileReference; lastKnownFileType = sourcecode.swift; path = MainVCTutorialDelegate.swift; sourceTree = "<group>"; };
		CAB9E818217F9C4E002148CD /* UIView+extension.swift */ = {isa = PBXFileReference; fileEncoding = 4; lastKnownFileType = sourcecode.swift; path = "UIView+extension.swift"; sourceTree = "<group>"; };
		CAC1513D2188F2B400FA96CA /* GameCreatedVC.swift */ = {isa = PBXFileReference; lastKnownFileType = sourcecode.swift; path = GameCreatedVC.swift; sourceTree = "<group>"; };
		CAC5BA4821F48FB4001763C5 /* PlayerStatusIcon.swift */ = {isa = PBXFileReference; lastKnownFileType = sourcecode.swift; path = PlayerStatusIcon.swift; sourceTree = "<group>"; };
		CAC5BA4C21F4D3E7001763C5 /* Game.swift */ = {isa = PBXFileReference; lastKnownFileType = sourcecode.swift; path = Game.swift; sourceTree = "<group>"; };
		CAC5BA4E21F4EBFC001763C5 /* WordsTVC.swift */ = {isa = PBXFileReference; lastKnownFileType = sourcecode.swift; path = WordsTVC.swift; sourceTree = "<group>"; };
		CAC9505121B66F2F002262BA /* Message.swift */ = {isa = PBXFileReference; lastKnownFileType = sourcecode.swift; path = Message.swift; sourceTree = "<group>"; };
		CAC9505321B6EB9D002262BA /* UIChatView.swift */ = {isa = PBXFileReference; lastKnownFileType = sourcecode.swift; path = UIChatView.swift; sourceTree = "<group>"; };
		CACA1F3B21A379B600DED049 /* Device.swift */ = {isa = PBXFileReference; lastKnownFileType = sourcecode.swift; path = Device.swift; sourceTree = "<group>"; };
		CACA1F3D21ADDA1200DED049 /* MainVC.swift */ = {isa = PBXFileReference; lastKnownFileType = sourcecode.swift; path = MainVC.swift; sourceTree = "<group>"; };
		CAD84F0821875A7F00E6C6E0 /* UINavigationController+extension.swift */ = {isa = PBXFileReference; lastKnownFileType = sourcecode.swift; path = "UINavigationController+extension.swift"; sourceTree = "<group>"; };
		CAD84F0B21875FD100E6C6E0 /* true.wav */ = {isa = PBXFileReference; lastKnownFileType = audio.wav; path = true.wav; sourceTree = "<group>"; };
		CAD84F0C21875FD200E6C6E0 /* click.wav */ = {isa = PBXFileReference; lastKnownFileType = audio.wav; path = click.wav; sourceTree = "<group>"; };
		CAD84F0D21875FD200E6C6E0 /* false.wav */ = {isa = PBXFileReference; lastKnownFileType = audio.wav; path = false.wav; sourceTree = "<group>"; };
		CAD84F132187602B00E6C6E0 /* AVAudioPlayer+extension.swift */ = {isa = PBXFileReference; lastKnownFileType = sourcecode.swift; path = "AVAudioPlayer+extension.swift"; sourceTree = "<group>"; };
		CAD84F1721879AE400E6C6E0 /* ChooseRole3dVC.swift */ = {isa = PBXFileReference; lastKnownFileType = sourcecode.swift; path = ChooseRole3dVC.swift; sourceTree = "<group>"; };
		CAE1A12A2207152D00B4E687 /* EnterHintVC.swift */ = {isa = PBXFileReference; lastKnownFileType = sourcecode.swift; path = EnterHintVC.swift; sourceTree = "<group>"; };
		CAE1A12E220751DE00B4E687 /* UIViewController+extension.swift */ = {isa = PBXFileReference; fileEncoding = 4; lastKnownFileType = sourcecode.swift; path = "UIViewController+extension.swift"; sourceTree = "<group>"; };
		CAE1A1302207696100B4E687 /* Helper.swift */ = {isa = PBXFileReference; lastKnownFileType = sourcecode.swift; path = Helper.swift; sourceTree = "<group>"; };
		CAE1A1342208D57B00B4E687 /* Dictionary.swift */ = {isa = PBXFileReference; lastKnownFileType = sourcecode.swift; path = Dictionary.swift; sourceTree = "<group>"; };
/* End PBXFileReference section */

/* Begin PBXFrameworksBuildPhase section */
		CA814BB1217F62810009D072 /* Frameworks */ = {
			isa = PBXFrameworksBuildPhase;
			buildActionMask = 2147483647;
			files = (
			);
			runOnlyForDeploymentPostprocessing = 0;
		};
/* End PBXFrameworksBuildPhase section */

/* Begin PBXGroup section */
		CA3528F02182267F005C489B /* Data */ = {
			isa = PBXGroup;
			children = (
				CAC5BA4C21F4D3E7001763C5 /* Game.swift */,
				CA6425CC221A1B0E00CAEA0F /* GameTypes.swift */,
				CA8855552296D65200A8574A /* Tutorial.swift */,
				CACA1F3B21A379B600DED049 /* Device.swift */,
				CA6425D0221D40DE00CAEA0F /* DeviceRoles.swift */,
				CAC9505121B66F2F002262BA /* Message.swift */,
				CA3528F1218226A5005C489B /* K.swift */,
				CAB635A422A70BF900CA81BE /* T.swift */,
				CAE1A1302207696100B4E687 /* Helper.swift */,
				CAE1A1342208D57B00B4E687 /* Dictionary.swift */,
			);
			path = Data;
			sourceTree = "<group>";
		};
		CA3528F321822F03005C489B /* Fonts */ = {
			isa = PBXGroup;
			children = (
				CA35290021874162005C489B /* Top Secret Stamp.ttf */,
				CA3528F62182319B005C489B /* Google-spies.ttf */,
			);
			path = Fonts;
			sourceTree = "<group>";
		};
		CA814BAB217F62810009D072 = {
			isa = PBXGroup;
			children = (
				CA814BB6217F62810009D072 /* Spynames */,
			);
			sourceTree = "<group>";
		};
		CA814BB5217F62810009D072 /* Products */ = {
			isa = PBXGroup;
			children = (
				CA814BB4217F62810009D072 /* Spynames.app */,
			);
			name = Products;
			path = ..;
			sourceTree = "<group>";
		};
		CA814BB6217F62810009D072 /* Spynames */ = {
			isa = PBXGroup;
			children = (
				CA814BB7217F62810009D072 /* AppDelegate.swift */,
				CA814BBB217F62810009D072 /* Main.storyboard */,
				CA814BC9217F62A40009D072 /* ViewControllers */,
				CAC5BA4721F48F62001763C5 /* Visual objects */,
				CA814BCE217F71BD0009D072 /* UIExtensions+Classes */,
				CA3528F02182267F005C489B /* Data */,
				CA814BB5217F62810009D072 /* Products */,
				CA3528F321822F03005C489B /* Fonts */,
				CAD84F0A21875FA000E6C6E0 /* Sounds */,
				CA814BC0217F62820009D072 /* LaunchScreen.storyboard */,
				CA814BC3217F62820009D072 /* Info.plist */,
				CA814BBE217F62820009D072 /* Assets.xcassets */,
			);
			path = Spynames;
			sourceTree = "<group>";
		};
		CA814BC9217F62A40009D072 /* ViewControllers */ = {
			isa = PBXGroup;
			children = (
				CA814BB9217F62810009D072 /* StartVC.swift */,
				CA814BCA217F6DA60009D072 /* ChooseModeVC.swift */,
				CA3528EE2180BD1D005C489B /* ChooseRole4dVC.swift */,
				CAD84F1721879AE400E6C6E0 /* ChooseRole3dVC.swift */,
				CAC1513D2188F2B400FA96CA /* GameCreatedVC.swift */,
				CACA1F3D21ADDA1200DED049 /* MainVC.swift */,
				CA6425CE221B498200CAEA0F /* MainVCDelegate.swift */,
				CAB635A622A70F3600CA81BE /* MainVCTutorialDelegate.swift */,
				CA88554F228DE7AD00A8574A /* ReturnHintDelegate.swift */,
				CA6425CA221A0DAA00CAEA0F /* MainVC+leftView.swift */,
				CA6425C8221A0BA100CAEA0F /* MainVC+rightView.swift */,
				CAC5BA4E21F4EBFC001763C5 /* WordsTVC.swift */,
				CAE1A12A2207152D00B4E687 /* EnterHintVC.swift */,
			);
			path = ViewControllers;
			sourceTree = "<group>";
		};
		CA814BCE217F71BD0009D072 /* UIExtensions+Classes */ = {
			isa = PBXGroup;
			children = (
				CAE1A12E220751DE00B4E687 /* UIViewController+extension.swift */,
				CAB9E818217F9C4E002148CD /* UIView+extension.swift */,
				CA88962F21CC1CEC00DB26EB /* UIScrollView+extension.swift */,
				CAD84F132187602B00E6C6E0 /* AVAudioPlayer+extension.swift */,
				CAD84F0821875A7F00E6C6E0 /* UINavigationController+extension.swift */,
				CA814BCF217F71DD0009D072 /* UIRoundedButton.swift */,
				CAC9505321B6EB9D002262BA /* UIChatView.swift */,
				CA2EFEB421F6662300DF2ACF /* UIPaddingLabel.swift */,
				CA39802F220CA6B80050FB54 /* UIString+extension.swift */,
				CA6425C62219E1CF00CAEA0F /* CGPoint+extension.swift */,
				CA885559229AF56C00A8574A /* UITextField+extension.swift */,
			);
			path = "UIExtensions+Classes";
			sourceTree = "<group>";
		};
		CAC5BA4721F48F62001763C5 /* Visual objects */ = {
			isa = PBXGroup;
			children = (
				CAC5BA4821F48FB4001763C5 /* PlayerStatusIcon.swift */,
				CA2EFEBA21F889D800DF2ACF /* MyTableViewCell.swift */,
				CA2EFEBC21F8B5B700DF2ACF /* PlayersChatView.swift */,
				CA8C4F18220B09520045FCC2 /* UICard.swift */,
			);
			path = "Visual objects";
			sourceTree = "<group>";
		};
		CAD84F0A21875FA000E6C6E0 /* Sounds */ = {
			isa = PBXGroup;
			children = (
				CAB635A022A59AD800CA81BE /* stairs.mp3 */,
				CA398039221450660050FB54 /* cards.wav */,
				CAD84F0C21875FD200E6C6E0 /* click.wav */,
				CAD84F0D21875FD200E6C6E0 /* false.wav */,
				CAD84F0B21875FD100E6C6E0 /* true.wav */,
			);
			path = Sounds;
			sourceTree = "<group>";
		};
/* End PBXGroup section */

/* Begin PBXNativeTarget section */
		CA814BB3217F62810009D072 /* Spynames */ = {
			isa = PBXNativeTarget;
			buildConfigurationList = CA814BC6217F62820009D072 /* Build configuration list for PBXNativeTarget "Spynames" */;
			buildPhases = (
				CA814BB0217F62810009D072 /* Sources */,
				CA814BB1217F62810009D072 /* Frameworks */,
				CA814BB2217F62810009D072 /* Resources */,
			);
			buildRules = (
			);
			dependencies = (
			);
			name = Spynames;
			productName = Spynames;
			productReference = CA814BB4217F62810009D072 /* Spynames.app */;
			productType = "com.apple.product-type.application";
		};
/* End PBXNativeTarget section */

/* Begin PBXProject section */
		CA814BAC217F62810009D072 /* Project object */ = {
			isa = PBXProject;
			attributes = {
				LastSwiftUpdateCheck = 1000;
				LastUpgradeCheck = 1000;
				ORGANIZATIONNAME = "Dmitry Dementyev";
				TargetAttributes = {
					CA814BB3217F62810009D072 = {
						CreatedOnToolsVersion = 10.0;
					};
				};
			};
			buildConfigurationList = CA814BAF217F62810009D072 /* Build configuration list for PBXProject "Spynames" */;
			compatibilityVersion = "Xcode 9.3";
			developmentRegion = en;
			hasScannedForEncodings = 0;
			knownRegions = (
				en,
				Base,
			);
			mainGroup = CA814BAB217F62810009D072;
			productRefGroup = CA814BB5217F62810009D072 /* Products */;
			projectDirPath = "";
			projectRoot = "";
			targets = (
				CA814BB3217F62810009D072 /* Spynames */,
			);
		};
/* End PBXProject section */

/* Begin PBXResourcesBuildPhase section */
		CA814BB2217F62810009D072 /* Resources */ = {
			isa = PBXResourcesBuildPhase;
			buildActionMask = 2147483647;
			files = (
				CAD84F1021875FD200E6C6E0 /* false.wav in Resources */,
				CAD84F0E21875FD200E6C6E0 /* true.wav in Resources */,
				CAD84F0F21875FD200E6C6E0 /* click.wav in Resources */,
				CA3528F72182319B005C489B /* Google-spies.ttf in Resources */,
				CAB635A122A59AD800CA81BE /* stairs.mp3 in Resources */,
				CA35290121874162005C489B /* Top Secret Stamp.ttf in Resources */,
				CA814BC2217F62820009D072 /* LaunchScreen.storyboard in Resources */,
				CA814BBF217F62820009D072 /* Assets.xcassets in Resources */,
				CA814BBD217F62810009D072 /* Main.storyboard in Resources */,
				CA39803A221450660050FB54 /* cards.wav in Resources */,
			);
			runOnlyForDeploymentPostprocessing = 0;
		};
/* End PBXResourcesBuildPhase section */

/* Begin PBXSourcesBuildPhase section */
		CA814BB0217F62810009D072 /* Sources */ = {
			isa = PBXSourcesBuildPhase;
			buildActionMask = 2147483647;
			files = (
				CACA1F3C21A379B600DED049 /* Device.swift in Sources */,
				CA6425C72219E1CF00CAEA0F /* CGPoint+extension.swift in Sources */,
				CAB9E819217F9C4E002148CD /* UIView+extension.swift in Sources */,
				CAE1A12F220751DE00B4E687 /* UIViewController+extension.swift in Sources */,
				CA3528F2218226A5005C489B /* K.swift in Sources */,
				CA398030220CA6B80050FB54 /* UIString+extension.swift in Sources */,
				CA814BCB217F6DA60009D072 /* ChooseModeVC.swift in Sources */,
				CAD84F0921875A7F00E6C6E0 /* UINavigationController+extension.swift in Sources */,
				CA814BBA217F62810009D072 /* StartVC.swift in Sources */,
				CAB635A722A70F3600CA81BE /* MainVCTutorialDelegate.swift in Sources */,
				CACA1F3E21ADDA1200DED049 /* MainVC.swift in Sources */,
				CA88963021CC1CEC00DB26EB /* UIScrollView+extension.swift in Sources */,
				CAC1513E2188F2B400FA96CA /* GameCreatedVC.swift in Sources */,
				CAC5BA4F21F4EBFC001763C5 /* WordsTVC.swift in Sources */,
				CAD84F1821879AE400E6C6E0 /* ChooseRole3dVC.swift in Sources */,
				CAC5BA4D21F4D3E7001763C5 /* Game.swift in Sources */,
				CA3528EF2180BD1D005C489B /* ChooseRole4dVC.swift in Sources */,
				CAB635A522A70BF900CA81BE /* T.swift in Sources */,
				CAC9505421B6EB9D002262BA /* UIChatView.swift in Sources */,
				CA6425CB221A0DAA00CAEA0F /* MainVC+leftView.swift in Sources */,
				CAE1A12B2207152D00B4E687 /* EnterHintVC.swift in Sources */,
				CA88555A229AF56C00A8574A /* UITextField+extension.swift in Sources */,
				CA6425C9221A0BA100CAEA0F /* MainVC+rightView.swift in Sources */,
				CA814BB8217F62810009D072 /* AppDelegate.swift in Sources */,
				CA2EFEB521F6662300DF2ACF /* UIPaddingLabel.swift in Sources */,
				CAE1A1352208D57B00B4E687 /* Dictionary.swift in Sources */,
				CA6425D1221D40DE00CAEA0F /* DeviceRoles.swift in Sources */,
				CA885550228DE7AD00A8574A /* ReturnHintDelegate.swift in Sources */,
				CA8855562296D65200A8574A /* Tutorial.swift in Sources */,
				CA8C4F19220B09520045FCC2 /* UICard.swift in Sources */,
				CA2EFEBB21F889D800DF2ACF /* MyTableViewCell.swift in Sources */,
				CA6425CF221B498200CAEA0F /* MainVCDelegate.swift in Sources */,
				CA6425CD221A1B0E00CAEA0F /* GameTypes.swift in Sources */,
				CA2EFEBD21F8B5B700DF2ACF /* PlayersChatView.swift in Sources */,
				CAC9505221B66F2F002262BA /* Message.swift in Sources */,
				CAC5BA4921F48FB4001763C5 /* PlayerStatusIcon.swift in Sources */,
				CA814BD0217F71DD0009D072 /* UIRoundedButton.swift in Sources */,
				CAD84F142187602B00E6C6E0 /* AVAudioPlayer+extension.swift in Sources */,
				CAE1A1312207696100B4E687 /* Helper.swift in Sources */,
			);
			runOnlyForDeploymentPostprocessing = 0;
		};
/* End PBXSourcesBuildPhase section */

/* Begin PBXVariantGroup section */
		CA814BBB217F62810009D072 /* Main.storyboard */ = {
			isa = PBXVariantGroup;
			children = (
				CA814BBC217F62810009D072 /* Base */,
			);
			name = Main.storyboard;
			sourceTree = "<group>";
		};
		CA814BC0217F62820009D072 /* LaunchScreen.storyboard */ = {
			isa = PBXVariantGroup;
			children = (
				CA814BC1217F62820009D072 /* Base */,
			);
			name = LaunchScreen.storyboard;
			sourceTree = "<group>";
		};
/* End PBXVariantGroup section */

/* Begin XCBuildConfiguration section */
		CA814BC4217F62820009D072 /* Debug */ = {
			isa = XCBuildConfiguration;
			buildSettings = {
				ALWAYS_SEARCH_USER_PATHS = NO;
				CLANG_ANALYZER_NONNULL = YES;
				CLANG_ANALYZER_NUMBER_OBJECT_CONVERSION = YES_AGGRESSIVE;
				CLANG_CXX_LANGUAGE_STANDARD = "gnu++14";
				CLANG_CXX_LIBRARY = "libc++";
				CLANG_ENABLE_MODULES = YES;
				CLANG_ENABLE_OBJC_ARC = YES;
				CLANG_ENABLE_OBJC_WEAK = YES;
				CLANG_WARN_BLOCK_CAPTURE_AUTORELEASING = YES;
				CLANG_WARN_BOOL_CONVERSION = YES;
				CLANG_WARN_COMMA = YES;
				CLANG_WARN_CONSTANT_CONVERSION = YES;
				CLANG_WARN_DEPRECATED_OBJC_IMPLEMENTATIONS = YES;
				CLANG_WARN_DIRECT_OBJC_ISA_USAGE = YES_ERROR;
				CLANG_WARN_DOCUMENTATION_COMMENTS = YES;
				CLANG_WARN_EMPTY_BODY = YES;
				CLANG_WARN_ENUM_CONVERSION = YES;
				CLANG_WARN_INFINITE_RECURSION = YES;
				CLANG_WARN_INT_CONVERSION = YES;
				CLANG_WARN_NON_LITERAL_NULL_CONVERSION = YES;
				CLANG_WARN_OBJC_IMPLICIT_RETAIN_SELF = YES;
				CLANG_WARN_OBJC_LITERAL_CONVERSION = YES;
				CLANG_WARN_OBJC_ROOT_CLASS = YES_ERROR;
				CLANG_WARN_RANGE_LOOP_ANALYSIS = YES;
				CLANG_WARN_STRICT_PROTOTYPES = YES;
				CLANG_WARN_SUSPICIOUS_MOVE = YES;
				CLANG_WARN_UNGUARDED_AVAILABILITY = YES_AGGRESSIVE;
				CLANG_WARN_UNREACHABLE_CODE = YES;
				CLANG_WARN__DUPLICATE_METHOD_MATCH = YES;
				CODE_SIGN_IDENTITY = "iPhone Developer";
				COPY_PHASE_STRIP = NO;
				DEBUG_INFORMATION_FORMAT = dwarf;
				ENABLE_STRICT_OBJC_MSGSEND = YES;
				ENABLE_TESTABILITY = YES;
				GCC_C_LANGUAGE_STANDARD = gnu11;
				GCC_DYNAMIC_NO_PIC = NO;
				GCC_NO_COMMON_BLOCKS = YES;
				GCC_OPTIMIZATION_LEVEL = 0;
				GCC_PREPROCESSOR_DEFINITIONS = (
					"DEBUG=1",
					"$(inherited)",
				);
				GCC_WARN_64_TO_32_BIT_CONVERSION = YES;
				GCC_WARN_ABOUT_RETURN_TYPE = YES_ERROR;
				GCC_WARN_UNDECLARED_SELECTOR = YES;
				GCC_WARN_UNINITIALIZED_AUTOS = YES_AGGRESSIVE;
				GCC_WARN_UNUSED_FUNCTION = YES;
				GCC_WARN_UNUSED_VARIABLE = YES;
				IPHONEOS_DEPLOYMENT_TARGET = 12.0;
				MTL_ENABLE_DEBUG_INFO = INCLUDE_SOURCE;
				MTL_FAST_MATH = YES;
				ONLY_ACTIVE_ARCH = YES;
				SDKROOT = iphoneos;
				SWIFT_ACTIVE_COMPILATION_CONDITIONS = DEBUG;
				SWIFT_OPTIMIZATION_LEVEL = "-Onone";
			};
			name = Debug;
		};
		CA814BC5217F62820009D072 /* Release */ = {
			isa = XCBuildConfiguration;
			buildSettings = {
				ALWAYS_SEARCH_USER_PATHS = NO;
				CLANG_ANALYZER_NONNULL = YES;
				CLANG_ANALYZER_NUMBER_OBJECT_CONVERSION = YES_AGGRESSIVE;
				CLANG_CXX_LANGUAGE_STANDARD = "gnu++14";
				CLANG_CXX_LIBRARY = "libc++";
				CLANG_ENABLE_MODULES = YES;
				CLANG_ENABLE_OBJC_ARC = YES;
				CLANG_ENABLE_OBJC_WEAK = YES;
				CLANG_WARN_BLOCK_CAPTURE_AUTORELEASING = YES;
				CLANG_WARN_BOOL_CONVERSION = YES;
				CLANG_WARN_COMMA = YES;
				CLANG_WARN_CONSTANT_CONVERSION = YES;
				CLANG_WARN_DEPRECATED_OBJC_IMPLEMENTATIONS = YES;
				CLANG_WARN_DIRECT_OBJC_ISA_USAGE = YES_ERROR;
				CLANG_WARN_DOCUMENTATION_COMMENTS = YES;
				CLANG_WARN_EMPTY_BODY = YES;
				CLANG_WARN_ENUM_CONVERSION = YES;
				CLANG_WARN_INFINITE_RECURSION = YES;
				CLANG_WARN_INT_CONVERSION = YES;
				CLANG_WARN_NON_LITERAL_NULL_CONVERSION = YES;
				CLANG_WARN_OBJC_IMPLICIT_RETAIN_SELF = YES;
				CLANG_WARN_OBJC_LITERAL_CONVERSION = YES;
				CLANG_WARN_OBJC_ROOT_CLASS = YES_ERROR;
				CLANG_WARN_RANGE_LOOP_ANALYSIS = YES;
				CLANG_WARN_STRICT_PROTOTYPES = YES;
				CLANG_WARN_SUSPICIOUS_MOVE = YES;
				CLANG_WARN_UNGUARDED_AVAILABILITY = YES_AGGRESSIVE;
				CLANG_WARN_UNREACHABLE_CODE = YES;
				CLANG_WARN__DUPLICATE_METHOD_MATCH = YES;
				CODE_SIGN_IDENTITY = "iPhone Developer";
				COPY_PHASE_STRIP = NO;
				DEBUG_INFORMATION_FORMAT = "dwarf-with-dsym";
				ENABLE_NS_ASSERTIONS = NO;
				ENABLE_STRICT_OBJC_MSGSEND = YES;
				GCC_C_LANGUAGE_STANDARD = gnu11;
				GCC_NO_COMMON_BLOCKS = YES;
				GCC_WARN_64_TO_32_BIT_CONVERSION = YES;
				GCC_WARN_ABOUT_RETURN_TYPE = YES_ERROR;
				GCC_WARN_UNDECLARED_SELECTOR = YES;
				GCC_WARN_UNINITIALIZED_AUTOS = YES_AGGRESSIVE;
				GCC_WARN_UNUSED_FUNCTION = YES;
				GCC_WARN_UNUSED_VARIABLE = YES;
				IPHONEOS_DEPLOYMENT_TARGET = 12.0;
				MTL_ENABLE_DEBUG_INFO = NO;
				MTL_FAST_MATH = YES;
				SDKROOT = iphoneos;
				SWIFT_COMPILATION_MODE = wholemodule;
				SWIFT_OPTIMIZATION_LEVEL = "-O";
				VALIDATE_PRODUCT = YES;
			};
			name = Release;
		};
		CA814BC7217F62820009D072 /* Debug */ = {
			isa = XCBuildConfiguration;
			buildSettings = {
				ASSETCATALOG_COMPILER_APPICON_NAME = AppIcon;
				CODE_SIGN_STYLE = Automatic;
				DEVELOPMENT_TEAM = VGMMX96757;
				INFOPLIST_FILE = Spynames/Info.plist;
				LD_RUNPATH_SEARCH_PATHS = (
					"$(inherited)",
					"@executable_path/Frameworks",
				);
				PRODUCT_BUNDLE_IDENTIFIER = realcater.Spynames;
				PRODUCT_NAME = "$(TARGET_NAME)";
				SWIFT_VERSION = 4.2;
				TARGETED_DEVICE_FAMILY = "1,2";
			};
			name = Debug;
		};
		CA814BC8217F62820009D072 /* Release */ = {
			isa = XCBuildConfiguration;
			buildSettings = {
				ASSETCATALOG_COMPILER_APPICON_NAME = AppIcon;
				CODE_SIGN_STYLE = Automatic;
				DEVELOPMENT_TEAM = VGMMX96757;
				INFOPLIST_FILE = Spynames/Info.plist;
				LD_RUNPATH_SEARCH_PATHS = (
					"$(inherited)",
					"@executable_path/Frameworks",
				);
				PRODUCT_BUNDLE_IDENTIFIER = realcater.Spynames;
				PRODUCT_NAME = "$(TARGET_NAME)";
				SWIFT_VERSION = 4.2;
				TARGETED_DEVICE_FAMILY = "1,2";
			};
			name = Release;
		};
/* End XCBuildConfiguration section */

/* Begin XCConfigurationList section */
		CA814BAF217F62810009D072 /* Build configuration list for PBXProject "Spynames" */ = {
			isa = XCConfigurationList;
			buildConfigurations = (
				CA814BC4217F62820009D072 /* Debug */,
				CA814BC5217F62820009D072 /* Release */,
			);
			defaultConfigurationIsVisible = 0;
			defaultConfigurationName = Release;
		};
		CA814BC6217F62820009D072 /* Build configuration list for PBXNativeTarget "Spynames" */ = {
			isa = XCConfigurationList;
			buildConfigurations = (
				CA814BC7217F62820009D072 /* Debug */,
				CA814BC8217F62820009D072 /* Release */,
			);
			defaultConfigurationIsVisible = 0;
			defaultConfigurationName = Release;
		};
/* End XCConfigurationList section */
	};
	rootObject = CA814BAC217F62810009D072 /* Project object */;
}
